
Microsoft Visual Studio Solution File, Format Version 12.00
# Visual Studio Version 17
VisualStudioVersion = 17.4.33213.308
MinimumVisualStudioVersion = 10.0.40219.1
Project("{FAE04EC0-301F-11D3-BF4B-00C04F79EFBC}") = "DotNet", "DotNet\DotNet.csproj", "{623D071A-D91A-421B-B1C1-2C12F326F49D}"
EndProject
Global
	GlobalSection(SolutionConfigurationPlatforms) = preSolution
		Debug|Any CPU = Debug|Any CPU
		Release|Any CPU = Release|Any CPU
	EndGlobalSection
	GlobalSection(ProjectConfigurationPlatforms) = postSolution
		{623D071A-D91A-421B-B1C1-2C12F326F49D}.Debug|Any CPU.ActiveCfg = Debug|Any CPU
		{623D071A-D91A-421B-B1C1-2C12F326F49D}.Debug|Any CPU.Build.0 = Debug|Any CPU
		{623D071A-D91A-421B-B1C1-2C12F326F49D}.Release|Any CPU.ActiveCfg = Release|Any CPU
		{623D071A-D91A-421B-B1C1-2C12F326F49D}.Release|Any CPU.Build.0 = Release|Any CPU
	EndGlobalSection
	GlobalSection(SolutionProperties) = preSolution
		HideSolutionNode = FALSE
	EndGlobalSection
	GlobalSection(ExtensibilityGlobals) = postSolution
		SolutionGuid = {5B511CA5-3611-45BD-975C-E385EACE7D26}
	EndGlobalSection
EndGlobal
